{
  "nodes": {
    "dwl-patches-src": {
      "flake": false,
      "locked": {
        "lastModified": 1790723271,
        "narHash": "sha256-j5+X0rxc2VzMT/QKsBpKSISDMvze+JvcF8tyA8a9AD0=",
        "ref": "refs/heads/main",
        "rev": "f974a35daba38b15cb04aee80dc9c39202018543",
        "shallow": true,
        "type": "git",
        "url": "https://codeberg.org/dwl/dwl-patches"
      },
      "original": {
        "shallow": true,
        "type": "git",
        "url": "https://codeberg.org/dwl/dwl-patches"
      }
    },
    "dwl-src": {
      "flake": false,
      "locked": {
        "lastModified": 1790682899,
        "narHash": "sha256-ZLnSN/Miu0hjVui04NUxEa7D/vTz6DA1OGmfu5d3ipE=",
        "ref": "refs/heads/main",
        "rev": "e2038450f2b7746d5c2600b0b04bc7717a29c986",
        "shallow": true,
        "type": "git",
        "url": "https://codeberg.org/dwl/dwl"
      },
      "original": {
        "shallow": true,
        "type": "git",
        "url": "https://codeberg.org/dwl/dwl"
      }
    },
    "dwl-stable-src": {
      "flake": false,
      "locked": {
        "lastModified": 1766876912,
        "narHash": "sha256-J76L5ZOCYgfcY08wH5cSLG+UdgDrv50lQyEnJNqDkXI=",
        "ref": "0.8",
        "rev": "9b11a49cb757b80f8589088b487b5f1e56643aa1",
        "shallow": true,
        "type": "git",
        "url": "https://codeberg.org/dwl/dwl"
      },
      "original": {
        "ref": "0.8",
        "shallow": true,
        "type": "git",
        "url": "https://codeberg.org/dwl/dwl"
      }
    },
    "nixpkgs": {
      "locked": {
        "lastModified": 1790822859,
        "narHash": "sha256-69xHQhAeMAD2wDXO7T2pcOZIF9Sga2W+JkmY2a11Ops=",
        "owner": "nixos",
        "repo": "nixpkgs",
        "rev": "c59305bab2065cfecc4944690d9eedbb56f3a9fa",
        "type": "github"
      },
      "original": {
        "owner": "nixos",
        "ref": "nixos-unstable",
        "repo": "nixpkgs",
        "type": "github"
      }
    },
    "nixpkgs-stable": {
      "locked": {
        "lastModified": 1790750587,
        "narHash": "sha256-VfjaoJ1Uyb7JZTrBgE5Jf2nhjtQPmD9KOd19HJwmZwM=",
        "owner": "nixos",
        "repo": "nixpkgs",
        "rev": "78e9c786dc08cd4f3420c2395cd977206a9b1da2",
        "type": "github"
      },
      "original": {
        "owner": "nixos",
        "ref": "nixos-26.05",
        "repo": "nixpkgs",
        "type": "github"
      }
    },
    "root": {
      "inputs": {
        "dwl-patches-src": "dwl-patches-src",
        "dwl-src": "dwl-src",
        "dwl-stable-src": "dwl-stable-src",
        "nixpkgs": "nixpkgs",
        "nixpkgs-stable": "nixpkgs-stable"
      }
    }
  },
  "root": "root",
  "version": 7
}
