{
  "nodes": {
    "dwl-patches-src": {
      "flake": false,
      "locked": {
        "lastModified": 1789864230,
        "narHash": "sha256-KnTAmmNms0dfLlamCJUqMXg4mmY2iJz/dRhcF79gb2I=",
        "ref": "refs/heads/main",
        "rev": "77bc50859cb75ba1063e760a29c6d73d87f88da8",
        "shallow": true,
        "type": "git",
        "url": "https://codeberg.org/dwl/dwl-patches"
      },
      "original": {
        "shallow": true,
        "type": "git",
        "url": "https://codeberg.org/dwl/dwl-patches"
      }
    },
    "dwl-src": {
      "flake": false,
      "locked": {
        "lastModified": 1789983439,
        "narHash": "sha256-pGjXijWpTxTDVOunBCCBqUaMHGJCQR7yx378G7iK464=",
        "ref": "refs/heads/main",
        "rev": "b83881f881a92f3bed579d9951b6ad50091b0977",
        "shallow": true,
        "type": "git",
        "url": "https://codeberg.org/dwl/dwl"
      },
      "original": {
        "shallow": true,
        "type": "git",
        "url": "https://codeberg.org/dwl/dwl"
      }
    },
    "dwl-stable-src": {
      "flake": false,
      "locked": {
        "lastModified": 1766876912,
        "narHash": "sha256-J76L5ZOCYgfcY08wH5cSLG+UdgDrv50lQyEnJNqDkXI=",
        "ref": "0.8",
        "rev": "9b11a49cb757b80f8589088b487b5f1e56643aa1",
        "shallow": true,
        "type": "git",
        "url": "https://codeberg.org/dwl/dwl"
      },
      "original": {
        "ref": "0.8",
        "shallow": true,
        "type": "git",
        "url": "https://codeberg.org/dwl/dwl"
      }
    },
    "nixpkgs": {
      "locked": {
        "lastModified": 1789921291,
        "narHash": "sha256-Ft/BRnIqw1MywFoXydKobjjWmDFgDdYtSpJliE8+yUw=",
        "owner": "nixos",
        "repo": "nixpkgs",
        "rev": "44a91898084f46797b5fac650c7e8c9ac38c43d4",
        "type": "github"
      },
      "original": {
        "owner": "nixos",
        "ref": "nixos-unstable",
        "repo": "nixpkgs",
        "type": "github"
      }
    },
    "nixpkgs-stable": {
      "locked": {
        "lastModified": 1789885152,
        "narHash": "sha256-mDNo95riUw8k0MA2Btzj/OuiMcfLKofqIliLYsLbrSY=",
        "owner": "nixos",
        "repo": "nixpkgs",
        "rev": "6d663c0533ff269008fb84e45930151e37c99db9",
        "type": "github"
      },
      "original": {
        "owner": "nixos",
        "ref": "nixos-26.05",
        "repo": "nixpkgs",
        "type": "github"
      }
    },
    "root": {
      "inputs": {
        "dwl-patches-src": "dwl-patches-src",
        "dwl-src": "dwl-src",
        "dwl-stable-src": "dwl-stable-src",
        "nixpkgs": "nixpkgs",
        "nixpkgs-stable": "nixpkgs-stable"
      }
    }
  },
  "root": "root",
  "version": 7
}
